// !$*UTF8*$!
{
	archiveVersion = 1;
	classes = {
	};
	objectVersion = 56;
	objects = {

/* Begin PBXBuildFile section */
		ACE649E62A20CED900187B8A /* Image3DViewApp.swift in Sources */ = {isa = PBXBuildFile; fileRef = ACE649E52A20CED900187B8A /* Image3DViewApp.swift */; };
		ACE649E82A20CED900187B8A /* ContentView.swift in Sources */ = {isa = PBXBuildFile; fileRef = ACE649E72A20CED900187B8A /* ContentView.swift */; };
		ACE649EA2A20CEDB00187B8A /* Assets.xcassets in Resources */ = {isa = PBXBuildFile; fileRef = ACE649E92A20CEDB00187B8A /* Assets.xcassets */; };
		ACE649ED2A20CEDB00187B8A /* Preview Assets.xcassets in Resources */ = {isa = PBXBuildFile; fileRef = ACE649EC2A20CEDB00187B8A /* Preview Assets.xcassets */; };
		ACE649F52A20CEFC00187B8A /* Product.swift in Sources */ = {isa = PBXBuildFile; fileRef = ACE649F42A20CEFC00187B8A /* Product.swift */; };
		ACE649FA2A20D06700187B8A /* SharedDataModel.swift in Sources */ = {isa = PBXBuildFile; fileRef = ACE649F72A20D06700187B8A /* SharedDataModel.swift */; };
		ACE649FC2A20D06700187B8A /* HomeViewModel.swift in Sources */ = {isa = PBXBuildFile; fileRef = ACE649F92A20D06700187B8A /* HomeViewModel.swift */; };
		ACE64A022A20D11A00187B8A /* CustomCorners .swift in Sources */ = {isa = PBXBuildFile; fileRef = ACE649FF2A20D11900187B8A /* CustomCorners .swift */; };
		ACE64A032A20D11A00187B8A /* CustomSceneView.swift in Sources */ = {isa = PBXBuildFile; fileRef = ACE64A002A20D11900187B8A /* CustomSceneView.swift */; };
		ACE64A082A20D13E00187B8A /* Raleway-SemiBold.ttf in Resources */ = {isa = PBXBuildFile; fileRef = ACE64A052A20D13E00187B8A /* Raleway-SemiBold.ttf */; };
		ACE64A092A20D13E00187B8A /* Raleway-Regular.ttf in Resources */ = {isa = PBXBuildFile; fileRef = ACE64A062A20D13E00187B8A /* Raleway-Regular.ttf */; };
		ACE64A0A2A20D13E00187B8A /* Raleway-Bold.ttf in Resources */ = {isa = PBXBuildFile; fileRef = ACE64A072A20D13E00187B8A /* Raleway-Bold.ttf */; };
		ACE64A0C2A20D15400187B8A /* Home.swift in Sources */ = {isa = PBXBuildFile; fileRef = ACE64A0B2A20D15400187B8A /* Home.swift */; };
		ACE64A0E2A20D18E00187B8A /* MainPage.swift in Sources */ = {isa = PBXBuildFile; fileRef = ACE64A0D2A20D18D00187B8A /* MainPage.swift */; };
		ACE64A102A20D19300187B8A /* ProductDetailView.swift in Sources */ = {isa = PBXBuildFile; fileRef = ACE64A0F2A20D19300187B8A /* ProductDetailView.swift */; };
		ACE64A242A20D2B100187B8A /* MacBook_Air_M2_2022.scn in Resources */ = {isa = PBXBuildFile; fileRef = ACE64A122A20D2B100187B8A /* MacBook_Air_M2_2022.scn */; };
		ACE64A252A20D2B100187B8A /* MacBook_Pro_2021.scn in Resources */ = {isa = PBXBuildFile; fileRef = ACE64A132A20D2B100187B8A /* MacBook_Pro_2021.scn */; };
		ACE64A262A20D2B100187B8A /* iWatch_7_Red.scn in Resources */ = {isa = PBXBuildFile; fileRef = ACE64A142A20D2B100187B8A /* iWatch_7_Red.scn */; };
		ACE64A272A20D2B100187B8A /* AirPods_Pro.usdz in Resources */ = {isa = PBXBuildFile; fileRef = ACE64A152A20D2B100187B8A /* AirPods_Pro.usdz */; };
		ACE64A282A20D2B100187B8A /* iPhone_12Pro.scn in Resources */ = {isa = PBXBuildFile; fileRef = ACE64A162A20D2B100187B8A /* iPhone_12Pro.scn */; };
		ACE64A292A20D2B100187B8A /* iPhone_14Pro.scn in Resources */ = {isa = PBXBuildFile; fileRef = ACE64A172A20D2B100187B8A /* iPhone_14Pro.scn */; };
		ACE64A2A2A20D2B100187B8A /* iPadMini6.scn in Resources */ = {isa = PBXBuildFile; fileRef = ACE64A182A20D2B100187B8A /* iPadMini6.scn */; };
		ACE64A2B2A20D2B100187B8A /* Airpods_Gen2.scn in Resources */ = {isa = PBXBuildFile; fileRef = ACE64A192A20D2B100187B8A /* Airpods_Gen2.scn */; };
		ACE64A2C2A20D2B100187B8A /* Airpods_Pro.scn in Resources */ = {isa = PBXBuildFile; fileRef = ACE64A1A2A20D2B100187B8A /* Airpods_Pro.scn */; };
		ACE64A2D2A20D2B100187B8A /* iPhone_13_Pink.scn in Resources */ = {isa = PBXBuildFile; fileRef = ACE64A1B2A20D2B100187B8A /* iPhone_13_Pink.scn */; };
		ACE64A2E2A20D2B100187B8A /* iPadAir4.scn in Resources */ = {isa = PBXBuildFile; fileRef = ACE64A1C2A20D2B100187B8A /* iPadAir4.scn */; };
		ACE64A2F2A20D2B100187B8A /* Airpods_Gen2.usdz in Resources */ = {isa = PBXBuildFile; fileRef = ACE64A1D2A20D2B100187B8A /* Airpods_Gen2.usdz */; };
		ACE64A302A20D2B100187B8A /* iPhone_13Pro.scn in Resources */ = {isa = PBXBuildFile; fileRef = ACE64A1E2A20D2B100187B8A /* iPhone_13Pro.scn */; };
		ACE64A312A20D2B100187B8A /* Mac_Studio.scn in Resources */ = {isa = PBXBuildFile; fileRef = ACE64A1F2A20D2B100187B8A /* Mac_Studio.scn */; };
		ACE64A322A20D2B100187B8A /* Airpods_Max_Silver.usdz in Resources */ = {isa = PBXBuildFile; fileRef = ACE64A202A20D2B100187B8A /* Airpods_Max_Silver.usdz */; };
		ACE64A332A20D2B100187B8A /* iMac_M1_2021.scn in Resources */ = {isa = PBXBuildFile; fileRef = ACE64A212A20D2B100187B8A /* iMac_M1_2021.scn */; };
		ACE64A342A20D2B100187B8A /* iPadPro2021.scn in Resources */ = {isa = PBXBuildFile; fileRef = ACE64A222A20D2B100187B8A /* iPadPro2021.scn */; };
		ACE64A352A20D2B100187B8A /* Airpods_Max_Silver.scn in Resources */ = {isa = PBXBuildFile; fileRef = ACE64A232A20D2B100187B8A /* Airpods_Max_Silver.scn */; };
/* End PBXBuildFile section */

/* Begin PBXFileReference section */
		ACD929F12A21EA5E0040F9FD /* s-l1600.scn */ = {isa = PBXFileReference; lastKnownFileType = file; path = "s-l1600.scn"; sourceTree = "<group>"; };
		ACE649E22A20CED900187B8A /* Image3DView.app */ = {isa = PBXFileReference; explicitFileType = wrapper.application; includeInIndex = 0; path = Image3DView.app; sourceTree = BUILT_PRODUCTS_DIR; };
		ACE649E52A20CED900187B8A /* Image3DViewApp.swift */ = {isa = PBXFileReference; lastKnownFileType = sourcecode.swift; path = Image3DViewApp.swift; sourceTree = "<group>"; };
		ACE649E72A20CED900187B8A /* ContentView.swift */ = {isa = PBXFileReference; lastKnownFileType = sourcecode.swift; path = ContentView.swift; sourceTree = "<group>"; };
		ACE649E92A20CEDB00187B8A /* Assets.xcassets */ = {isa = PBXFileReference; lastKnownFileType = folder.assetcatalog; path = Assets.xcassets; sourceTree = "<group>"; };
		ACE649EC2A20CEDB00187B8A /* Preview Assets.xcassets */ = {isa = PBXFileReference; lastKnownFileType = folder.assetcatalog; path = "Preview Assets.xcassets"; sourceTree = "<group>"; };
		ACE649F42A20CEFC00187B8A /* Product.swift */ = {isa = PBXFileReference; fileEncoding = 4; lastKnownFileType = sourcecode.swift; path = Product.swift; sourceTree = "<group>"; };
		ACE649F72A20D06700187B8A /* SharedDataModel.swift */ = {isa = PBXFileReference; fileEncoding = 4; lastKnownFileType = sourcecode.swift; path = SharedDataModel.swift; sourceTree = "<group>"; };
		ACE649F92A20D06700187B8A /* HomeViewModel.swift */ = {isa = PBXFileReference; fileEncoding = 4; lastKnownFileType = sourcecode.swift; path = HomeViewModel.swift; sourceTree = "<group>"; };
		ACE649FF2A20D11900187B8A /* CustomCorners .swift */ = {isa = PBXFileReference; fileEncoding = 4; lastKnownFileType = sourcecode.swift; path = "CustomCorners .swift"; sourceTree = "<group>"; };
		ACE64A002A20D11900187B8A /* CustomSceneView.swift */ = {isa = PBXFileReference; fileEncoding = 4; lastKnownFileType = sourcecode.swift; path = CustomSceneView.swift; sourceTree = "<group>"; };
		ACE64A052A20D13E00187B8A /* Raleway-SemiBold.ttf */ = {isa = PBXFileReference; lastKnownFileType = file; path = "Raleway-SemiBold.ttf"; sourceTree = "<group>"; };
		ACE64A062A20D13E00187B8A /* Raleway-Regular.ttf */ = {isa = PBXFileReference; lastKnownFileType = file; path = "Raleway-Regular.ttf"; sourceTree = "<group>"; };
		ACE64A072A20D13E00187B8A /* Raleway-Bold.ttf */ = {isa = PBXFileReference; lastKnownFileType = file; path = "Raleway-Bold.ttf"; sourceTree = "<group>"; };
		ACE64A0B2A20D15400187B8A /* Home.swift */ = {isa = PBXFileReference; fileEncoding = 4; lastKnownFileType = sourcecode.swift; path = Home.swift; sourceTree = "<group>"; };
		ACE64A0D2A20D18D00187B8A /* MainPage.swift */ = {isa = PBXFileReference; fileEncoding = 4; lastKnownFileType = sourcecode.swift; path = MainPage.swift; sourceTree = "<group>"; };
		ACE64A0F2A20D19300187B8A /* ProductDetailView.swift */ = {isa = PBXFileReference; fileEncoding = 4; lastKnownFileType = sourcecode.swift; path = ProductDetailView.swift; sourceTree = "<group>"; };
		ACE64A122A20D2B100187B8A /* MacBook_Air_M2_2022.scn */ = {isa = PBXFileReference; lastKnownFileType = file.bplist; path = MacBook_Air_M2_2022.scn; sourceTree = "<group>"; };
		ACE64A132A20D2B100187B8A /* MacBook_Pro_2021.scn */ = {isa = PBXFileReference; lastKnownFileType = file.bplist; path = MacBook_Pro_2021.scn; sourceTree = "<group>"; };
		ACE64A142A20D2B100187B8A /* iWatch_7_Red.scn */ = {isa = PBXFileReference; lastKnownFileType = file.bplist; path = iWatch_7_Red.scn; sourceTree = "<group>"; };
		ACE64A152A20D2B100187B8A /* AirPods_Pro.usdz */ = {isa = PBXFileReference; lastKnownFileType = file.usdz; path = AirPods_Pro.usdz; sourceTree = "<group>"; };
		ACE64A162A20D2B100187B8A /* iPhone_12Pro.scn */ = {isa = PBXFileReference; lastKnownFileType = file.bplist; path = iPhone_12Pro.scn; sourceTree = "<group>"; };
		ACE64A172A20D2B100187B8A /* iPhone_14Pro.scn */ = {isa = PBXFileReference; lastKnownFileType = file.bplist; path = iPhone_14Pro.scn; sourceTree = "<group>"; };
		ACE64A182A20D2B100187B8A /* iPadMini6.scn */ = {isa = PBXFileReference; lastKnownFileType = file.bplist; path = iPadMini6.scn; sourceTree = "<group>"; };
		ACE64A192A20D2B100187B8A /* Airpods_Gen2.scn */ = {isa = PBXFileReference; lastKnownFileType = file.bplist; path = Airpods_Gen2.scn; sourceTree = "<group>"; };
		ACE64A1A2A20D2B100187B8A /* Airpods_Pro.scn */ = {isa = PBXFileReference; lastKnownFileType = file.bplist; path = Airpods_Pro.scn; sourceTree = "<group>"; };
		ACE64A1B2A20D2B100187B8A /* iPhone_13_Pink.scn */ = {isa = PBXFileReference; lastKnownFileType = file.bplist; path = iPhone_13_Pink.scn; sourceTree = "<group>"; };
		ACE64A1C2A20D2B100187B8A /* iPadAir4.scn */ = {isa = PBXFileReference; lastKnownFileType = file.bplist; path = iPadAir4.scn; sourceTree = "<group>"; };
		ACE64A1D2A20D2B100187B8A /* Airpods_Gen2.usdz */ = {isa = PBXFileReference; lastKnownFileType = file.usdz; path = Airpods_Gen2.usdz; sourceTree = "<group>"; };
		ACE64A1E2A20D2B100187B8A /* iPhone_13Pro.scn */ = {isa = PBXFileReference; lastKnownFileType = file.bplist; path = iPhone_13Pro.scn; sourceTree = "<group>"; };
		ACE64A1F2A20D2B100187B8A /* Mac_Studio.scn */ = {isa = PBXFileReference; lastKnownFileType = file.bplist; path = Mac_Studio.scn; sourceTree = "<group>"; };
		ACE64A202A20D2B100187B8A /* Airpods_Max_Silver.usdz */ = {isa = PBXFileReference; lastKnownFileType = file.usdz; path = Airpods_Max_Silver.usdz; sourceTree = "<group>"; };
		ACE64A212A20D2B100187B8A /* iMac_M1_2021.scn */ = {isa = PBXFileReference; lastKnownFileType = file.bplist; path = iMac_M1_2021.scn; sourceTree = "<group>"; };
		ACE64A222A20D2B100187B8A /* iPadPro2021.scn */ = {isa = PBXFileReference; lastKnownFileType = file.bplist; path = iPadPro2021.scn; sourceTree = "<group>"; };
		ACE64A232A20D2B100187B8A /* Airpods_Max_Silver.scn */ = {isa = PBXFileReference; lastKnownFileType = file.bplist; path = Airpods_Max_Silver.scn; sourceTree = "<group>"; };
/* End PBXFileReference section */

/* Begin PBXFrameworksBuildPhase section */
		ACE649DF2A20CED900187B8A /* Frameworks */ = {
			isa = PBXFrameworksBuildPhase;
			buildActionMask = 2147483647;
			files = (
			);
			runOnlyForDeploymentPostprocessing = 0;
		};
/* End PBXFrameworksBuildPhase section */

/* Begin PBXGroup section */
		ACE649D92A20CED900187B8A = {
			isa = PBXGroup;
			children = (
				ACE649E42A20CED900187B8A /* Image3DView */,
				ACE649E32A20CED900187B8A /* Products */,
			);
			sourceTree = "<group>";
		};
		ACE649E32A20CED900187B8A /* Products */ = {
			isa = PBXGroup;
			children = (
				ACE649E22A20CED900187B8A /* Image3DView.app */,
			);
			name = Products;
			sourceTree = "<group>";
		};
		ACE649E42A20CED900187B8A /* Image3DView */ = {
			isa = PBXGroup;
			children = (
				ACE64A112A20D2B100187B8A /* 3D Object */,
				ACE649E52A20CED900187B8A /* Image3DViewApp.swift */,
				ACE64A042A20D13E00187B8A /* Fonts */,
				ACE649FD2A20D11900187B8A /* Helper */,
				ACE649F62A20D06700187B8A /* ViewModel */,
				ACE649F32A20CEFC00187B8A /* Model */,
				ACE649E72A20CED900187B8A /* ContentView.swift */,
				ACE64A0B2A20D15400187B8A /* Home.swift */,
				ACE64A0D2A20D18D00187B8A /* MainPage.swift */,
				ACE64A0F2A20D19300187B8A /* ProductDetailView.swift */,
				ACE649E92A20CEDB00187B8A /* Assets.xcassets */,
				ACE649EB2A20CEDB00187B8A /* Preview Content */,
			);
			path = Image3DView;
			sourceTree = "<group>";
		};
		ACE649EB2A20CEDB00187B8A /* Preview Content */ = {
			isa = PBXGroup;
			children = (
				ACE649EC2A20CEDB00187B8A /* Preview Assets.xcassets */,
			);
			path = "Preview Content";
			sourceTree = "<group>";
		};
		ACE649F32A20CEFC00187B8A /* Model */ = {
			isa = PBXGroup;
			children = (
				ACE649F42A20CEFC00187B8A /* Product.swift */,
			);
			path = Model;
			sourceTree = "<group>";
		};
		ACE649F62A20D06700187B8A /* ViewModel */ = {
			isa = PBXGroup;
			children = (
				ACE649F72A20D06700187B8A /* SharedDataModel.swift */,
				ACE649F92A20D06700187B8A /* HomeViewModel.swift */,
			);
			path = ViewModel;
			sourceTree = "<group>";
		};
		ACE649FD2A20D11900187B8A /* Helper */ = {
			isa = PBXGroup;
			children = (
				ACE649FF2A20D11900187B8A /* CustomCorners .swift */,
				ACE64A002A20D11900187B8A /* CustomSceneView.swift */,
			);
			path = Helper;
			sourceTree = "<group>";
		};
		ACE64A042A20D13E00187B8A /* Fonts */ = {
			isa = PBXGroup;
			children = (
				ACE64A052A20D13E00187B8A /* Raleway-SemiBold.ttf */,
				ACE64A062A20D13E00187B8A /* Raleway-Regular.ttf */,
				ACE64A072A20D13E00187B8A /* Raleway-Bold.ttf */,
			);
			path = Fonts;
			sourceTree = "<group>";
		};
		ACE64A112A20D2B100187B8A /* 3D Object */ = {
			isa = PBXGroup;
			children = (
				ACE64A122A20D2B100187B8A /* MacBook_Air_M2_2022.scn */,
				ACE64A132A20D2B100187B8A /* MacBook_Pro_2021.scn */,
				ACE64A142A20D2B100187B8A /* iWatch_7_Red.scn */,
				ACE64A152A20D2B100187B8A /* AirPods_Pro.usdz */,
				ACD929F12A21EA5E0040F9FD /* s-l1600.scn */,
				ACE64A162A20D2B100187B8A /* iPhone_12Pro.scn */,
				ACE64A172A20D2B100187B8A /* iPhone_14Pro.scn */,
				ACE64A182A20D2B100187B8A /* iPadMini6.scn */,
				ACE64A192A20D2B100187B8A /* Airpods_Gen2.scn */,
				ACE64A1A2A20D2B100187B8A /* Airpods_Pro.scn */,
				ACE64A1B2A20D2B100187B8A /* iPhone_13_Pink.scn */,
				ACE64A1C2A20D2B100187B8A /* iPadAir4.scn */,
				ACE64A1D2A20D2B100187B8A /* Airpods_Gen2.usdz */,
				ACE64A1E2A20D2B100187B8A /* iPhone_13Pro.scn */,
				ACE64A1F2A20D2B100187B8A /* Mac_Studio.scn */,
				ACE64A202A20D2B100187B8A /* Airpods_Max_Silver.usdz */,
				ACE64A212A20D2B100187B8A /* iMac_M1_2021.scn */,
				ACE64A222A20D2B100187B8A /* iPadPro2021.scn */,
				ACE64A232A20D2B100187B8A /* Airpods_Max_Silver.scn */,
			);
			path = "3D Object";
			sourceTree = "<group>";
		};
/* End PBXGroup section */

/* Begin PBXNativeTarget section */
		ACE649E12A20CED900187B8A /* Image3DView */ = {
			isa = PBXNativeTarget;
			buildConfigurationList = ACE649F02A20CEDB00187B8A /* Build configuration list for PBXNativeTarget "Image3DView" */;
			buildPhases = (
				ACE649DE2A20CED900187B8A /* Sources */,
				ACE649DF2A20CED900187B8A /* Frameworks */,
				ACE649E02A20CED900187B8A /* Resources */,
			);
			buildRules = (
			);
			dependencies = (
			);
			name = Image3DView;
			productName = Image3DView;
			productReference = ACE649E22A20CED900187B8A /* Image3DView.app */;
			productType = "com.apple.product-type.application";
		};
/* End PBXNativeTarget section */

/* Begin PBXProject section */
		ACE649DA2A20CED900187B8A /* Project object */ = {
			isa = PBXProject;
			attributes = {
				BuildIndependentTargetsInParallel = 1;
				LastSwiftUpdateCheck = 1420;
				LastUpgradeCheck = 1420;
				TargetAttributes = {
					ACE649E12A20CED900187B8A = {
						CreatedOnToolsVersion = 14.2;
					};
				};
			};
			buildConfigurationList = ACE649DD2A20CED900187B8A /* Build configuration list for PBXProject "Image3DView" */;
			compatibilityVersion = "Xcode 14.0";
			developmentRegion = en;
			hasScannedForEncodings = 0;
			knownRegions = (
				en,
				Base,
			);
			mainGroup = ACE649D92A20CED900187B8A;
			productRefGroup = ACE649E32A20CED900187B8A /* Products */;
			projectDirPath = "";
			projectRoot = "";
			targets = (
				ACE649E12A20CED900187B8A /* Image3DView */,
			);
		};
/* End PBXProject section */

/* Begin PBXResourcesBuildPhase section */
		ACE649E02A20CED900187B8A /* Resources */ = {
			isa = PBXResourcesBuildPhase;
			buildActionMask = 2147483647;
			files = (
				ACE64A082A20D13E00187B8A /* Raleway-SemiBold.ttf in Resources */,
				ACE64A242A20D2B100187B8A /* MacBook_Air_M2_2022.scn in Resources */,
				ACE64A322A20D2B100187B8A /* Airpods_Max_Silver.usdz in Resources */,
				ACE64A342A20D2B100187B8A /* iPadPro2021.scn in Resources */,
				ACE64A292A20D2B100187B8A /* iPhone_14Pro.scn in Resources */,
				ACE64A282A20D2B100187B8A /* iPhone_12Pro.scn in Resources */,
				ACE64A262A20D2B100187B8A /* iWatch_7_Red.scn in Resources */,
				ACE64A252A20D2B100187B8A /* MacBook_Pro_2021.scn in Resources */,
				ACE64A332A20D2B100187B8A /* iMac_M1_2021.scn in Resources */,
				ACE64A272A20D2B100187B8A /* AirPods_Pro.usdz in Resources */,
				ACE64A352A20D2B100187B8A /* Airpods_Max_Silver.scn in Resources */,
				ACE64A2B2A20D2B100187B8A /* Airpods_Gen2.scn in Resources */,
				ACE649ED2A20CEDB00187B8A /* Preview Assets.xcassets in Resources */,
				ACE64A2F2A20D2B100187B8A /* Airpods_Gen2.usdz in Resources */,
				ACE64A2A2A20D2B100187B8A /* iPadMini6.scn in Resources */,
				ACE64A302A20D2B100187B8A /* iPhone_13Pro.scn in Resources */,
				ACE64A312A20D2B100187B8A /* Mac_Studio.scn in Resources */,
				ACE649EA2A20CEDB00187B8A /* Assets.xcassets in Resources */,
				ACE64A0A2A20D13E00187B8A /* Raleway-Bold.ttf in Resources */,
				ACE64A2E2A20D2B100187B8A /* iPadAir4.scn in Resources */,
				ACE64A092A20D13E00187B8A /* Raleway-Regular.ttf in Resources */,
				ACE64A2D2A20D2B100187B8A /* iPhone_13_Pink.scn in Resources */,
				ACE64A2C2A20D2B100187B8A /* Airpods_Pro.scn in Resources */,
			);
			runOnlyForDeploymentPostprocessing = 0;
		};
/* End PBXResourcesBuildPhase section */

/* Begin PBXSourcesBuildPhase section */
		ACE649DE2A20CED900187B8A /* Sources */ = {
			isa = PBXSourcesBuildPhase;
			buildActionMask = 2147483647;
			files = (
				ACE649E82A20CED900187B8A /* ContentView.swift in Sources */,
				ACE649FC2A20D06700187B8A /* HomeViewModel.swift in Sources */,
				ACE64A102A20D19300187B8A /* ProductDetailView.swift in Sources */,
				ACE64A022A20D11A00187B8A /* CustomCorners .swift in Sources */,
				ACE649E62A20CED900187B8A /* Image3DViewApp.swift in Sources */,
				ACE64A0C2A20D15400187B8A /* Home.swift in Sources */,
				ACE64A0E2A20D18E00187B8A /* MainPage.swift in Sources */,
				ACE64A032A20D11A00187B8A /* CustomSceneView.swift in Sources */,
				ACE649FA2A20D06700187B8A /* SharedDataModel.swift in Sources */,
				ACE649F52A20CEFC00187B8A /* Product.swift in Sources */,
			);
			runOnlyForDeploymentPostprocessing = 0;
		};
/* End PBXSourcesBuildPhase section */

/* Begin XCBuildConfiguration section */
		ACE649EE2A20CEDB00187B8A /* Debug */ = {
			isa = XCBuildConfiguration;
			buildSettings = {
				ALWAYS_SEARCH_USER_PATHS = NO;
				CLANG_ANALYZER_NONNULL = YES;
				CLANG_ANALYZER_NUMBER_OBJECT_CONVERSION = YES_AGGRESSIVE;
				CLANG_CXX_LANGUAGE_STANDARD = "gnu++20";
				CLANG_ENABLE_MODULES = YES;
				CLANG_ENABLE_OBJC_ARC = YES;
				CLANG_ENABLE_OBJC_WEAK = YES;
				CLANG_WARN_BLOCK_CAPTURE_AUTORELEASING = YES;
				CLANG_WARN_BOOL_CONVERSION = YES;
				CLANG_WARN_COMMA = YES;
				CLANG_WARN_CONSTANT_CONVERSION = YES;
				CLANG_WARN_DEPRECATED_OBJC_IMPLEMENTATIONS = YES;
				CLANG_WARN_DIRECT_OBJC_ISA_USAGE = YES_ERROR;
				CLANG_WARN_DOCUMENTATION_COMMENTS = YES;
				CLANG_WARN_EMPTY_BODY = YES;
				CLANG_WARN_ENUM_CONVERSION = YES;
				CLANG_WARN_INFINITE_RECURSION = YES;
				CLANG_WARN_INT_CONVERSION = YES;
				CLANG_WARN_NON_LITERAL_NULL_CONVERSION = YES;
				CLANG_WARN_OBJC_IMPLICIT_RETAIN_SELF = YES;
				CLANG_WARN_OBJC_LITERAL_CONVERSION = YES;
				CLANG_WARN_OBJC_ROOT_CLASS = YES_ERROR;
				CLANG_WARN_QUOTED_INCLUDE_IN_FRAMEWORK_HEADER = YES;
				CLANG_WARN_RANGE_LOOP_ANALYSIS = YES;
				CLANG_WARN_STRICT_PROTOTYPES = YES;
				CLANG_WARN_SUSPICIOUS_MOVE = YES;
				CLANG_WARN_UNGUARDED_AVAILABILITY = YES_AGGRESSIVE;
				CLANG_WARN_UNREACHABLE_CODE = YES;
				CLANG_WARN__DUPLICATE_METHOD_MATCH = YES;
				COPY_PHASE_STRIP = NO;
				DEBUG_INFORMATION_FORMAT = dwarf;
				ENABLE_STRICT_OBJC_MSGSEND = YES;
				ENABLE_TESTABILITY = YES;
				GCC_C_LANGUAGE_STANDARD = gnu11;
				GCC_DYNAMIC_NO_PIC = NO;
				GCC_NO_COMMON_BLOCKS = YES;
				GCC_OPTIMIZATION_LEVEL = 0;
				GCC_PREPROCESSOR_DEFINITIONS = (
					"DEBUG=1",
					"$(inherited)",
				);
				GCC_WARN_64_TO_32_BIT_CONVERSION = YES;
				GCC_WARN_ABOUT_RETURN_TYPE = YES_ERROR;
				GCC_WARN_UNDECLARED_SELECTOR = YES;
				GCC_WARN_UNINITIALIZED_AUTOS = YES_AGGRESSIVE;
				GCC_WARN_UNUSED_FUNCTION = YES;
				GCC_WARN_UNUSED_VARIABLE = YES;
				IPHONEOS_DEPLOYMENT_TARGET = 16.2;
				MTL_ENABLE_DEBUG_INFO = INCLUDE_SOURCE;
				MTL_FAST_MATH = YES;
				ONLY_ACTIVE_ARCH = YES;
				SDKROOT = iphoneos;
				SWIFT_ACTIVE_COMPILATION_CONDITIONS = DEBUG;
				SWIFT_OPTIMIZATION_LEVEL = "-Onone";
			};
			name = Debug;
		};
		ACE649EF2A20CEDB00187B8A /* Release */ = {
			isa = XCBuildConfiguration;
			buildSettings = {
				ALWAYS_SEARCH_USER_PATHS = NO;
				CLANG_ANALYZER_NONNULL = YES;
				CLANG_ANALYZER_NUMBER_OBJECT_CONVERSION = YES_AGGRESSIVE;
				CLANG_CXX_LANGUAGE_STANDARD = "gnu++20";
				CLANG_ENABLE_MODULES = YES;
				CLANG_ENABLE_OBJC_ARC = YES;
				CLANG_ENABLE_OBJC_WEAK = YES;
				CLANG_WARN_BLOCK_CAPTURE_AUTORELEASING = YES;
				CLANG_WARN_BOOL_CONVERSION = YES;
				CLANG_WARN_COMMA = YES;
				CLANG_WARN_CONSTANT_CONVERSION = YES;
				CLANG_WARN_DEPRECATED_OBJC_IMPLEMENTATIONS = YES;
				CLANG_WARN_DIRECT_OBJC_ISA_USAGE = YES_ERROR;
				CLANG_WARN_DOCUMENTATION_COMMENTS = YES;
				CLANG_WARN_EMPTY_BODY = YES;
				CLANG_WARN_ENUM_CONVERSION = YES;
				CLANG_WARN_INFINITE_RECURSION = YES;
				CLANG_WARN_INT_CONVERSION = YES;
				CLANG_WARN_NON_LITERAL_NULL_CONVERSION = YES;
				CLANG_WARN_OBJC_IMPLICIT_RETAIN_SELF = YES;
				CLANG_WARN_OBJC_LITERAL_CONVERSION = YES;
				CLANG_WARN_OBJC_ROOT_CLASS = YES_ERROR;
				CLANG_WARN_QUOTED_INCLUDE_IN_FRAMEWORK_HEADER = YES;
				CLANG_WARN_RANGE_LOOP_ANALYSIS = YES;
				CLANG_WARN_STRICT_PROTOTYPES = YES;
				CLANG_WARN_SUSPICIOUS_MOVE = YES;
				CLANG_WARN_UNGUARDED_AVAILABILITY = YES_AGGRESSIVE;
				CLANG_WARN_UNREACHABLE_CODE = YES;
				CLANG_WARN__DUPLICATE_METHOD_MATCH = YES;
				COPY_PHASE_STRIP = NO;
				DEBUG_INFORMATION_FORMAT = "dwarf-with-dsym";
				ENABLE_NS_ASSERTIONS = NO;
				ENABLE_STRICT_OBJC_MSGSEND = YES;
				GCC_C_LANGUAGE_STANDARD = gnu11;
				GCC_NO_COMMON_BLOCKS = YES;
				GCC_WARN_64_TO_32_BIT_CONVERSION = YES;
				GCC_WARN_ABOUT_RETURN_TYPE = YES_ERROR;
				GCC_WARN_UNDECLARED_SELECTOR = YES;
				GCC_WARN_UNINITIALIZED_AUTOS = YES_AGGRESSIVE;
				GCC_WARN_UNUSED_FUNCTION = YES;
				GCC_WARN_UNUSED_VARIABLE = YES;
				IPHONEOS_DEPLOYMENT_TARGET = 16.2;
				MTL_ENABLE_DEBUG_INFO = NO;
				MTL_FAST_MATH = YES;
				SDKROOT = iphoneos;
				SWIFT_COMPILATION_MODE = wholemodule;
				SWIFT_OPTIMIZATION_LEVEL = "-O";
				VALIDATE_PRODUCT = YES;
			};
			name = Release;
		};
		ACE649F12A20CEDB00187B8A /* Debug */ = {
			isa = XCBuildConfiguration;
			buildSettings = {
				ASSETCATALOG_COMPILER_APPICON_NAME = AppIcon;
				ASSETCATALOG_COMPILER_GLOBAL_ACCENT_COLOR_NAME = AccentColor;
				CODE_SIGN_STYLE = Automatic;
				CURRENT_PROJECT_VERSION = 1;
				DEVELOPMENT_ASSET_PATHS = "\"Image3DView/Preview Content\"";
				DEVELOPMENT_TEAM = LU893QGJWJ;
				ENABLE_PREVIEWS = YES;
				GENERATE_INFOPLIST_FILE = YES;
				INFOPLIST_KEY_UIApplicationSceneManifest_Generation = YES;
				INFOPLIST_KEY_UIApplicationSupportsIndirectInputEvents = YES;
				INFOPLIST_KEY_UILaunchScreen_Generation = YES;
				INFOPLIST_KEY_UISupportedInterfaceOrientations_iPad = "UIInterfaceOrientationPortrait UIInterfaceOrientationPortraitUpsideDown UIInterfaceOrientationLandscapeLeft UIInterfaceOrientationLandscapeRight";
				INFOPLIST_KEY_UISupportedInterfaceOrientations_iPhone = "UIInterfaceOrientationPortrait UIInterfaceOrientationLandscapeLeft UIInterfaceOrientationLandscapeRight";
				LD_RUNPATH_SEARCH_PATHS = (
					"$(inherited)",
					"@executable_path/Frameworks",
				);
				MARKETING_VERSION = 1.0;
				PRODUCT_BUNDLE_IDENTIFIER = Bhumika.Image3DView;
				PRODUCT_NAME = "$(TARGET_NAME)";
				SWIFT_EMIT_LOC_STRINGS = YES;
				SWIFT_VERSION = 5.0;
				TARGETED_DEVICE_FAMILY = "1,2";
			};
			name = Debug;
		};
		ACE649F22A20CEDB00187B8A /* Release */ = {
			isa = XCBuildConfiguration;
			buildSettings = {
				ASSETCATALOG_COMPILER_APPICON_NAME = AppIcon;
				ASSETCATALOG_COMPILER_GLOBAL_ACCENT_COLOR_NAME = AccentColor;
				CODE_SIGN_STYLE = Automatic;
				CURRENT_PROJECT_VERSION = 1;
				DEVELOPMENT_ASSET_PATHS = "\"Image3DView/Preview Content\"";
				DEVELOPMENT_TEAM = LU893QGJWJ;
				ENABLE_PREVIEWS = YES;
				GENERATE_INFOPLIST_FILE = YES;
				INFOPLIST_KEY_UIApplicationSceneManifest_Generation = YES;
				INFOPLIST_KEY_UIApplicationSupportsIndirectInputEvents = YES;
				INFOPLIST_KEY_UILaunchScreen_Generation = YES;
				INFOPLIST_KEY_UISupportedInterfaceOrientations_iPad = "UIInterfaceOrientationPortrait UIInterfaceOrientationPortraitUpsideDown UIInterfaceOrientationLandscapeLeft UIInterfaceOrientationLandscapeRight";
				INFOPLIST_KEY_UISupportedInterfaceOrientations_iPhone = "UIInterfaceOrientationPortrait UIInterfaceOrientationLandscapeLeft UIInterfaceOrientationLandscapeRight";
				LD_RUNPATH_SEARCH_PATHS = (
					"$(inherited)",
					"@executable_path/Frameworks",
				);
				MARKETING_VERSION = 1.0;
				PRODUCT_BUNDLE_IDENTIFIER = Bhumika.Image3DView;
				PRODUCT_NAME = "$(TARGET_NAME)";
				SWIFT_EMIT_LOC_STRINGS = YES;
				SWIFT_VERSION = 5.0;
				TARGETED_DEVICE_FAMILY = "1,2";
			};
			name = Release;
		};
/* End XCBuildConfiguration section */

/* Begin XCConfigurationList section */
		ACE649DD2A20CED900187B8A /* Build configuration list for PBXProject "Image3DView" */ = {
			isa = XCConfigurationList;
			buildConfigurations = (
				ACE649EE2A20CEDB00187B8A /* Debug */,
				ACE649EF2A20CEDB00187B8A /* Release */,
			);
			defaultConfigurationIsVisible = 0;
			defaultConfigurationName = Release;
		};
		ACE649F02A20CEDB00187B8A /* Build configuration list for PBXNativeTarget "Image3DView" */ = {
			isa = XCConfigurationList;
			buildConfigurations = (
				ACE649F12A20CEDB00187B8A /* Debug */,
				ACE649F22A20CEDB00187B8A /* Release */,
			);
			defaultConfigurationIsVisible = 0;
			defaultConfigurationName = Release;
		};
/* End XCConfigurationList section */
	};
	rootObject = ACE649DA2A20CED900187B8A /* Project object */;
}
